{
  "nodes": {
    "darwin": {
      "inputs": {
        "nixpkgs": [
          "nixpkgs"
        ]
      },
      "locked": {
        "lastModified": 1757432263,
        "narHash": "sha256-qHn+/0+IOz5cG68BZUwL9BV3EO/e9eNKCjH3+N7wMdI=",
        "owner": "LnL7",
        "repo": "nix-darwin",
        "rev": "1fef4404de4d1596aa5ab2bd68078370e1b9dcdb",
        "type": "github"
      },
      "original": {
        "owner": "LnL7",
        "ref": "nix-darwin-25.05",
        "repo": "nix-darwin",
        "type": "github"
      }
    },
    "fish-foreign-env": {
      "flake": false,
      "locked": {
        "lastModified": 1547655379,
        "narHash": "sha256-er1KI2xSUtTlQd9jZl1AjqeArrfBxrgBLcw5OqinuAM=",
        "owner": "oh-my-fish",
        "repo": "plugin-foreign-env",
        "rev": "dddd9213272a0ab848d474d0cbde12ad034e65bc",
        "type": "github"
      },
      "original": {
        "owner": "oh-my-fish",
        "repo": "plugin-foreign-env",
        "rev": "dddd9213272a0ab848d474d0cbde12ad034e65bc",
        "type": "github"
      }
    },
    "fish-fzf": {
      "flake": false,
      "locked": {
        "lastModified": 1590308198,
        "narHash": "sha256-QyCkksUYELC+TJDZS1C8aL5MBLmDcwM8gMsfkO0p4E8=",
        "owner": "jethrokuan",
        "repo": "fzf",
        "rev": "24f4739fc1dffafcc0da3ccfbbd14d9c7d31827a",
        "type": "github"
      },
      "original": {
        "owner": "jethrokuan",
        "repo": "fzf",
        "rev": "24f4739fc1dffafcc0da3ccfbbd14d9c7d31827a",
        "type": "github"
      }
    },
    "flake-compat": {
      "flake": false,
      "locked": {
        "lastModified": 1747046372,
        "narHash": "sha256-CIVLLkVgvHYbgI2UpXvIIBJ12HWgX+fjA8Xf8PUmqCY=",
        "owner": "edolstra",
        "repo": "flake-compat",
        "rev": "9100a0f413b0c601e0533d1d94ffd501ce2e7885",
        "type": "github"
      },
      "original": {
        "owner": "edolstra",
        "repo": "flake-compat",
        "type": "github"
      }
    },
    "flake-compat_2": {
      "flake": false,
      "locked": {
        "lastModified": 1747046372,
        "narHash": "sha256-CIVLLkVgvHYbgI2UpXvIIBJ12HWgX+fjA8Xf8PUmqCY=",
        "owner": "edolstra",
        "repo": "flake-compat",
        "rev": "9100a0f413b0c601e0533d1d94ffd501ce2e7885",
        "type": "github"
      },
      "original": {
        "owner": "edolstra",
        "repo": "flake-compat",
        "type": "github"
      }
    },
    "flake-parts": {
      "inputs": {
        "nixpkgs-lib": [
          "neovim-nightly-overlay",
          "nixpkgs"
        ]
      },
      "locked": {
        "lastModified": 1756770412,
        "narHash": "sha256-+uWLQZccFHwqpGqr2Yt5VsW/PbeJVTn9Dk6SHWhNRPw=",
        "owner": "hercules-ci",
        "repo": "flake-parts",
        "rev": "4524271976b625a4a605beefd893f270620fd751",
        "type": "github"
      },
      "original": {
        "owner": "hercules-ci",
        "repo": "flake-parts",
        "type": "github"
      }
    },
    "flake-parts_2": {
      "inputs": {
        "nixpkgs-lib": [
          "neovim-nightly-overlay",
          "hercules-ci-effects",
          "nixpkgs"
        ]
      },
      "locked": {
        "lastModified": 1754487366,
        "narHash": "sha256-pHYj8gUBapuUzKV/kN/tR3Zvqc7o6gdFB9XKXIp1SQ8=",
        "owner": "hercules-ci",
        "repo": "flake-parts",
        "rev": "af66ad14b28a127c5c0f3bbb298218fc63528a18",
        "type": "github"
      },
      "original": {
        "id": "flake-parts",
        "type": "indirect"
      }
    },
    "git-hooks": {
      "inputs": {
        "flake-compat": "flake-compat_2",
        "gitignore": "gitignore",
        "nixpkgs": [
          "neovim-nightly-overlay",
          "nixpkgs"
        ]
      },
      "locked": {
        "lastModified": 1757588530,
        "narHash": "sha256-tJ7A8mID3ct69n9WCvZ3PzIIl3rXTdptn/lZmqSS95U=",
        "owner": "cachix",
        "repo": "git-hooks.nix",
        "rev": "b084b2c2b6bc23e83bbfe583b03664eb0b18c411",
        "type": "github"
      },
      "original": {
        "owner": "cachix",
        "repo": "git-hooks.nix",
        "type": "github"
      }
    },
    "gitignore": {
      "inputs": {
        "nixpkgs": [
          "neovim-nightly-overlay",
          "git-hooks",
          "nixpkgs"
        ]
      },
      "locked": {
        "lastModified": 1709087332,
        "narHash": "sha256-HG2cCnktfHsKV0s4XW83gU3F57gaTljL9KNSuG6bnQs=",
        "owner": "hercules-ci",
        "repo": "gitignore.nix",
        "rev": "637db329424fd7e46cf4185293b9cc8c88c95394",
        "type": "github"
      },
      "original": {
        "owner": "hercules-ci",
        "repo": "gitignore.nix",
        "type": "github"
      }
    },
    "hercules-ci-effects": {
      "inputs": {
        "flake-parts": "flake-parts_2",
        "nixpkgs": [
          "neovim-nightly-overlay",
          "nixpkgs"
        ]
      },
      "locked": {
        "lastModified": 1755233722,
        "narHash": "sha256-AavrbMltJKcC2Fx0lfJoZfmy7g87ebXU0ddVenhajLA=",
        "owner": "hercules-ci",
        "repo": "hercules-ci-effects",
        "rev": "99e03e72e3f7e13506f80ef9ebaedccb929d84d0",
        "type": "github"
      },
      "original": {
        "owner": "hercules-ci",
        "repo": "hercules-ci-effects",
        "type": "github"
      }
    },
    "home-manager": {
      "inputs": {
        "nixpkgs": [
          "nixpkgs"
        ]
      },
      "locked": {
        "lastModified": 1756679287,
        "narHash": "sha256-Xd1vOeY9ccDf5VtVK12yM0FS6qqvfUop8UQlxEB+gTQ=",
        "owner": "nix-community",
        "repo": "home-manager",
        "rev": "07fc025fe10487dd80f2ec694f1cd790e752d0e8",
        "type": "github"
      },
      "original": {
        "owner": "nix-community",
        "ref": "release-25.05",
        "repo": "home-manager",
        "type": "github"
      }
    },
    "neovim-nightly-overlay": {
      "inputs": {
        "flake-compat": "flake-compat",
        "flake-parts": "flake-parts",
        "git-hooks": "git-hooks",
        "hercules-ci-effects": "hercules-ci-effects",
        "neovim-src": "neovim-src",
        "nixpkgs": "nixpkgs",
        "treefmt-nix": "treefmt-nix"
      },
      "locked": {
        "lastModified": 1757722174,
        "narHash": "sha256-hVzgeeNXawNFm5VVUae003R7Fpli79S2q15yjEwpeEM=",
        "owner": "nix-community",
        "repo": "neovim-nightly-overlay",
        "rev": "8dc8deaa9d5d7dd531f64ed7ec166e9c8c9770dd",
        "type": "github"
      },
      "original": {
        "owner": "nix-community",
        "repo": "neovim-nightly-overlay",
        "type": "github"
      }
    },
    "neovim-src": {
      "flake": false,
      "locked": {
        "lastModified": 1757649425,
        "narHash": "sha256-fcPDXXItx1TZOvF2JHYKX/c+flWTS+aWSaKaaEMNrAs=",
        "owner": "neovim",
        "repo": "neovim",
        "rev": "cf9b7a37cc3cf0ba934865626e1f392e956a59b1",
        "type": "github"
      },
      "original": {
        "owner": "neovim",
        "repo": "neovim",
        "type": "github"
      }
    },
    "nixpkgs": {
      "locked": {
        "lastModified": 1757651841,
        "narHash": "sha256-Lh9QoMzTjY/O4LqNwcm6s/WSYStDmCH6f3V/izwlkHc=",
        "owner": "NixOS",
        "repo": "nixpkgs",
        "rev": "ad4e6dd68c30bc8bd1860a27bc6f0c485bd7f3b6",
        "type": "github"
      },
      "original": {
        "owner": "NixOS",
        "ref": "nixpkgs-unstable",
        "repo": "nixpkgs",
        "type": "github"
      }
    },
    "nixpkgs-unstable": {
      "locked": {
        "lastModified": 1757686808,
        "narHash": "sha256-PL+Z3OrNpFNHddbsBaxeojYkWObYc2NlyhTmsmpt+hc=",
        "owner": "nixos",
        "repo": "nixpkgs",
        "rev": "098982b6eca9b809cc2f583e733338f5a36b3ad8",
        "type": "github"
      },
      "original": {
        "owner": "nixos",
        "ref": "nixpkgs-unstable",
        "repo": "nixpkgs",
        "type": "github"
      }
    },
    "nixpkgs_2": {
      "locked": {
        "lastModified": 1757545623,
        "narHash": "sha256-mCxPABZ6jRjUQx3bPP4vjA68ETbPLNz9V2pk9tO7pRQ=",
        "owner": "nixos",
        "repo": "nixpkgs",
        "rev": "8cd5ce828d5d1d16feff37340171a98fc3bf6526",
        "type": "github"
      },
      "original": {
        "owner": "nixos",
        "ref": "nixos-25.05",
        "repo": "nixpkgs",
        "type": "github"
      }
    },
    "nvim-comment": {
      "flake": false,
      "locked": {
        "lastModified": 1717957420,
        "narHash": "sha256-h0kPue5Eqd5aeu4VoLH45pF0DmWWo1d8SnLICSQ63zc=",
        "owner": "numToStr",
        "repo": "Comment.nvim",
        "rev": "e30b7f2008e52442154b66f7c519bfd2f1e32acb",
        "type": "github"
      },
      "original": {
        "owner": "numToStr",
        "repo": "Comment.nvim",
        "rev": "e30b7f2008e52442154b66f7c519bfd2f1e32acb",
        "type": "github"
      }
    },
    "nvim-conform": {
      "flake": false,
      "locked": {
        "lastModified": 1747884293,
        "narHash": "sha256-jPc91Lar3X58DkxV4I3nWMtTfNhTf+fXUBIfsQLa0u0=",
        "owner": "stevearc",
        "repo": "conform.nvim",
        "rev": "6feb2f28f9a9385e401857b21eeac3c1b66dd628",
        "type": "github"
      },
      "original": {
        "owner": "stevearc",
        "repo": "conform.nvim",
        "rev": "6feb2f28f9a9385e401857b21eeac3c1b66dd628",
        "type": "github"
      }
    },
    "nvim-gitsigns": {
      "flake": false,
      "locked": {
        "lastModified": 1721914876,
        "narHash": "sha256-nHUQoYo/4J2rh494UxYz3hqrrgPSxX4IgManKxCsBR8=",
        "owner": "lewis6991",
        "repo": "gitsigns.nvim",
        "rev": "f074844b60f9e151970fbcdbeb8a2cd52b6ef25a",
        "type": "github"
      },
      "original": {
        "owner": "lewis6991",
        "repo": "gitsigns.nvim",
        "rev": "f074844b60f9e151970fbcdbeb8a2cd52b6ef25a",
        "type": "github"
      }
    },
    "nvim-hotpot": {
      "flake": false,
      "locked": {
        "lastModified": 1720024551,
        "narHash": "sha256-GoZC5WLezPzpwEdsurpezxPSeb95Z3JklsweQgDyrbc=",
        "owner": "rktjmp",
        "repo": "hotpot.nvim",
        "rev": "5462d3eb5c191ab380ca911e1e931836d27f6a79",
        "type": "github"
      },
      "original": {
        "owner": "rktjmp",
        "ref": "v0.13.0",
        "repo": "hotpot.nvim",
        "type": "github"
      }
    },
    "nvim-lspconfig": {
      "flake": false,
      "locked": {
        "lastModified": 1748618855,
        "narHash": "sha256-C7fp3bpHvxGuFxIJf3WBfAPfxEPxP5iWOTkwpXJhqbk=",
        "owner": "neovim",
        "repo": "nvim-lspconfig",
        "rev": "03bc581e05e81d33808b42b2d7e76d70adb3b595",
        "type": "github"
      },
      "original": {
        "owner": "neovim",
        "repo": "nvim-lspconfig",
        "rev": "03bc581e05e81d33808b42b2d7e76d70adb3b595",
        "type": "github"
      }
    },
    "nvim-lsplines": {
      "flake": false,
      "locked": {
        "lastModified": 1734793049,
        "narHash": "sha256-jHiIZemneQACTDYZXBJqX2/PRTBoxq403ILvt1Ej1ZM=",
        "ref": "refs/heads/main",
        "rev": "a92c755f182b89ea91bd8a6a2227208026f27b4d",
        "revCount": 56,
        "type": "git",
        "url": "https://git.sr.ht/~whynothugo/lsp_lines.nvim"
      },
      "original": {
        "rev": "a92c755f182b89ea91bd8a6a2227208026f27b4d",
        "type": "git",
        "url": "https://git.sr.ht/~whynothugo/lsp_lines.nvim"
      }
    },
    "nvim-lualine": {
      "flake": false,
      "locked": {
        "lastModified": 1749383457,
        "narHash": "sha256-2aPgA7riA/FubQpTkqsxLKl7OZ8L6FkucNHc2QEx2HQ=",
        "owner": "nvim-lualine",
        "repo": "lualine.nvim",
        "rev": "a94fc68960665e54408fe37dcf573193c4ce82c9",
        "type": "github"
      },
      "original": {
        "owner": "nvim-lualine",
        "repo": "lualine.nvim",
        "rev": "a94fc68960665e54408fe37dcf573193c4ce82c9",
        "type": "github"
      }
    },
    "root": {
      "inputs": {
        "darwin": "darwin",
        "fish-foreign-env": "fish-foreign-env",
        "fish-fzf": "fish-fzf",
        "home-manager": "home-manager",
        "neovim-nightly-overlay": "neovim-nightly-overlay",
        "nixpkgs": "nixpkgs_2",
        "nixpkgs-unstable": "nixpkgs-unstable",
        "nvim-comment": "nvim-comment",
        "nvim-conform": "nvim-conform",
        "nvim-gitsigns": "nvim-gitsigns",
        "nvim-hotpot": "nvim-hotpot",
        "nvim-lspconfig": "nvim-lspconfig",
        "nvim-lsplines": "nvim-lsplines",
        "nvim-lualine": "nvim-lualine",
        "tmux-catppuccin": "tmux-catppuccin",
        "tmux-pain-control": "tmux-pain-control"
      }
    },
    "tmux-catppuccin": {
      "flake": false,
      "locked": {
        "lastModified": 1733626723,
        "narHash": "sha256-vBYBvZrMGLpMU059a+Z4SEekWdQD0GrDqBQyqfkEHPg=",
        "owner": "catppuccin",
        "repo": "tmux",
        "rev": "2c4cb5a07a3e133ce6d5382db1ab541a0216ddc7",
        "type": "github"
      },
      "original": {
        "owner": "catppuccin",
        "repo": "tmux",
        "rev": "2c4cb5a07a3e133ce6d5382db1ab541a0216ddc7",
        "type": "github"
      }
    },
    "tmux-pain-control": {
      "flake": false,
      "locked": {
        "lastModified": 1582019346,
        "narHash": "sha256-84NJtxoz4KTVv+i3cde235WcHhRSBIkZjtobZIk16nA=",
        "owner": "tmux-plugins",
        "repo": "tmux-pain-control",
        "rev": "2db63de3b08fc64831d833240749133cecb67d92",
        "type": "github"
      },
      "original": {
        "owner": "tmux-plugins",
        "repo": "tmux-pain-control",
        "rev": "2db63de3b08fc64831d833240749133cecb67d92",
        "type": "github"
      }
    },
    "treefmt-nix": {
      "inputs": {
        "nixpkgs": [
          "neovim-nightly-overlay",
          "nixpkgs"
        ]
      },
      "locked": {
        "lastModified": 1756662192,
        "narHash": "sha256-F1oFfV51AE259I85av+MAia221XwMHCOtZCMcZLK2Jk=",
        "owner": "numtide",
        "repo": "treefmt-nix",
        "rev": "1aabc6c05ccbcbf4a635fb7a90400e44282f61c4",
        "type": "github"
      },
      "original": {
        "owner": "numtide",
        "repo": "treefmt-nix",
        "type": "github"
      }
    }
  },
  "root": "root",
  "version": 7
}
