{
  "nodes": {
    "autoconf-nvim": {
      "flake": false,
      "locked": {
        "lastModified": 1782762684,
        "narHash": "sha256-l+kyx2CcsG5BdSsDk2pIjmZme6E9OwheoJ4XhtUrGxQ=",
        "owner": "OlegHQ",
        "repo": "autoconf.nvim",
        "rev": "5a87cf0b40b43705357db892a1b07a40d418363c",
        "type": "github"
      },
      "original": {
        "owner": "OlegHQ",
        "repo": "autoconf.nvim",
        "type": "github"
      }
    },
    "darwin": {
      "inputs": {
        "nixpkgs": [
          "nixpkgs"
        ]
      },
      "locked": {
        "lastModified": 1783744694,
        "narHash": "sha256-2cp6N3rrwnGYLTx9l6N+NI+kwrCWxvJUbj5WJhvB29A=",
        "owner": "LnL7",
        "repo": "nix-darwin",
        "rev": "c3e90c89649b07d1a96e4b9dd6cd0d6e44b91a74",
        "type": "github"
      },
      "original": {
        "owner": "LnL7",
        "ref": "nix-darwin-26.05",
        "repo": "nix-darwin",
        "type": "github"
      }
    },
    "fish-async-prompt": {
      "flake": false,
      "locked": {
        "lastModified": 1767614852,
        "narHash": "sha256-HWW9191RP//48HkAHOZ7kAAAPSBKZ+BW2FfCZB36Y+g=",
        "owner": "acomagu",
        "repo": "fish-async-prompt",
        "rev": "b90e8a8c6d1634d8f04f1532b164b99530445159",
        "type": "github"
      },
      "original": {
        "owner": "acomagu",
        "repo": "fish-async-prompt",
        "type": "github"
      }
    },
    "fish-foreign-env": {
      "flake": false,
      "locked": {
        "lastModified": 1547655379,
        "narHash": "sha256-er1KI2xSUtTlQd9jZl1AjqeArrfBxrgBLcw5OqinuAM=",
        "owner": "oh-my-fish",
        "repo": "plugin-foreign-env",
        "rev": "dddd9213272a0ab848d474d0cbde12ad034e65bc",
        "type": "github"
      },
      "original": {
        "owner": "oh-my-fish",
        "repo": "plugin-foreign-env",
        "rev": "dddd9213272a0ab848d474d0cbde12ad034e65bc",
        "type": "github"
      }
    },
    "fish-fzf": {
      "flake": false,
      "locked": {
        "lastModified": 1590308198,
        "narHash": "sha256-QyCkksUYELC+TJDZS1C8aL5MBLmDcwM8gMsfkO0p4E8=",
        "owner": "jethrokuan",
        "repo": "fzf",
        "rev": "24f4739fc1dffafcc0da3ccfbbd14d9c7d31827a",
        "type": "github"
      },
      "original": {
        "owner": "jethrokuan",
        "repo": "fzf",
        "rev": "24f4739fc1dffafcc0da3ccfbbd14d9c7d31827a",
        "type": "github"
      }
    },
    "home-manager": {
      "inputs": {
        "nixpkgs": [
          "nixpkgs"
        ]
      },
      "locked": {
        "lastModified": 1787377438,
        "narHash": "sha256-Sxu1NLTD/Ern6hFGLlZmtKCSct3YQXZI/lls8RE1XeM=",
        "owner": "nix-community",
        "repo": "home-manager",
        "rev": "65258d5c65a250189fde2e35f490d15e064c4c62",
        "type": "github"
      },
      "original": {
        "owner": "nix-community",
        "ref": "release-26.05",
        "repo": "home-manager",
        "type": "github"
      }
    },
    "nixpkgs": {
      "locked": {
        "lastModified": 1787962033,
        "narHash": "sha256-u6z9VTZA4Kf3RkHQo9sQI7NI4Ei/uiU9vrMqOiwWP1Y=",
        "owner": "nixos",
        "repo": "nixpkgs",
        "rev": "c5c4a43b0e8056328ec4529f735cabdb8f1942bb",
        "type": "github"
      },
      "original": {
        "owner": "nixos",
        "ref": "nixos-26.05",
        "repo": "nixpkgs",
        "type": "github"
      }
    },
    "nixpkgs-unstable": {
      "locked": {
        "lastModified": 1787964612,
        "narHash": "sha256-0N9nghg3nwzX6b6qc77EzjR9cu/Z+UR66FlfsCqiURs=",
        "owner": "nixos",
        "repo": "nixpkgs",
        "rev": "e8be7818e19ada32105a8af937a6a473b38167ca",
        "type": "github"
      },
      "original": {
        "owner": "nixos",
        "ref": "nixpkgs-unstable",
        "repo": "nixpkgs",
        "type": "github"
      }
    },
    "nvimconf": {
      "inputs": {
        "autoconf-nvim": "autoconf-nvim",
        "nixpkgs": [
          "nixpkgs"
        ],
        "themekit-nvim": "themekit-nvim"
      },
      "locked": {
        "lastModified": 1788196811,
        "narHash": "sha256-Wdef+rLidfL5RK2d+XL/04BECo3Z80KZxP1oenrUddw=",
        "owner": "OlegHQ",
        "repo": "nvim-config",
        "rev": "f5c5eaedcb2eb126ad0ec2c40dfc472100b81cba",
        "type": "github"
      },
      "original": {
        "owner": "OlegHQ",
        "ref": "dev",
        "repo": "nvim-config",
        "type": "github"
      }
    },
    "root": {
      "inputs": {
        "darwin": "darwin",
        "fish-async-prompt": "fish-async-prompt",
        "fish-foreign-env": "fish-foreign-env",
        "fish-fzf": "fish-fzf",
        "home-manager": "home-manager",
        "nixpkgs": "nixpkgs",
        "nixpkgs-unstable": "nixpkgs-unstable",
        "nvimconf": "nvimconf",
        "tmux-catppuccin": "tmux-catppuccin",
        "tmux-pain-control": "tmux-pain-control"
      }
    },
    "themekit-nvim": {
      "flake": false,
      "locked": {
        "lastModified": 1777464016,
        "narHash": "sha256-zLI296bXeLI+J6j1mz6uDRFBs97sMwhzQf2280LbIXE=",
        "owner": "OlegHQ",
        "repo": "themekit.nvim",
        "rev": "d023de449b4d906154975b3d180cfff70f75ba3c",
        "type": "github"
      },
      "original": {
        "owner": "OlegHQ",
        "repo": "themekit.nvim",
        "type": "github"
      }
    },
    "tmux-catppuccin": {
      "flake": false,
      "locked": {
        "lastModified": 1733626723,
        "narHash": "sha256-vBYBvZrMGLpMU059a+Z4SEekWdQD0GrDqBQyqfkEHPg=",
        "owner": "catppuccin",
        "repo": "tmux",
        "rev": "2c4cb5a07a3e133ce6d5382db1ab541a0216ddc7",
        "type": "github"
      },
      "original": {
        "owner": "catppuccin",
        "repo": "tmux",
        "rev": "2c4cb5a07a3e133ce6d5382db1ab541a0216ddc7",
        "type": "github"
      }
    },
    "tmux-pain-control": {
      "flake": false,
      "locked": {
        "lastModified": 1582019346,
        "narHash": "sha256-84NJtxoz4KTVv+i3cde235WcHhRSBIkZjtobZIk16nA=",
        "owner": "tmux-plugins",
        "repo": "tmux-pain-control",
        "rev": "2db63de3b08fc64831d833240749133cecb67d92",
        "type": "github"
      },
      "original": {
        "owner": "tmux-plugins",
        "repo": "tmux-pain-control",
        "rev": "2db63de3b08fc64831d833240749133cecb67d92",
        "type": "github"
      }
    }
  },
  "root": "root",
  "version": 7
}
