{
  "nodes": {
    "autoconf-nvim": {
      "flake": false,
      "locked": {
        "lastModified": 1782289313,
        "narHash": "sha256-n5m93Xvz4ZdDY5vhACoOWybZMDnst7kd2HgUFdaUvF4=",
        "owner": "OlegHQ",
        "repo": "autoconf.nvim",
        "rev": "a012822c33f14a4e0edd45414d2f71fc736e50c7",
        "type": "github"
      },
      "original": {
        "owner": "OlegHQ",
        "repo": "autoconf.nvim",
        "type": "github"
      }
    },
    "darwin": {
      "inputs": {
        "nixpkgs": [
          "nixpkgs"
        ]
      },
      "locked": {
        "lastModified": 1781772065,
        "narHash": "sha256-xIbRSwDB1GBAUsWsQZUjudGfAGQt3BOpsWaO/ugVa4w=",
        "owner": "LnL7",
        "repo": "nix-darwin",
        "rev": "adda04f0bf4819575b1978c2f8d78401b3c2be12",
        "type": "github"
      },
      "original": {
        "owner": "LnL7",
        "ref": "nix-darwin-26.05",
        "repo": "nix-darwin",
        "type": "github"
      }
    },
    "fish-async-prompt": {
      "flake": false,
      "locked": {
        "lastModified": 1767614852,
        "narHash": "sha256-HWW9191RP//48HkAHOZ7kAAAPSBKZ+BW2FfCZB36Y+g=",
        "owner": "acomagu",
        "repo": "fish-async-prompt",
        "rev": "b90e8a8c6d1634d8f04f1532b164b99530445159",
        "type": "github"
      },
      "original": {
        "owner": "acomagu",
        "repo": "fish-async-prompt",
        "type": "github"
      }
    },
    "fish-foreign-env": {
      "flake": false,
      "locked": {
        "lastModified": 1547655379,
        "narHash": "sha256-er1KI2xSUtTlQd9jZl1AjqeArrfBxrgBLcw5OqinuAM=",
        "owner": "oh-my-fish",
        "repo": "plugin-foreign-env",
        "rev": "dddd9213272a0ab848d474d0cbde12ad034e65bc",
        "type": "github"
      },
      "original": {
        "owner": "oh-my-fish",
        "repo": "plugin-foreign-env",
        "rev": "dddd9213272a0ab848d474d0cbde12ad034e65bc",
        "type": "github"
      }
    },
    "fish-fzf": {
      "flake": false,
      "locked": {
        "lastModified": 1590308198,
        "narHash": "sha256-QyCkksUYELC+TJDZS1C8aL5MBLmDcwM8gMsfkO0p4E8=",
        "owner": "jethrokuan",
        "repo": "fzf",
        "rev": "24f4739fc1dffafcc0da3ccfbbd14d9c7d31827a",
        "type": "github"
      },
      "original": {
        "owner": "jethrokuan",
        "repo": "fzf",
        "rev": "24f4739fc1dffafcc0da3ccfbbd14d9c7d31827a",
        "type": "github"
      }
    },
    "home-manager": {
      "inputs": {
        "nixpkgs": [
          "nixpkgs"
        ]
      },
      "locked": {
        "lastModified": 1781981105,
        "narHash": "sha256-/1nNBbA7PrSQpTc9Qazkhl4kIPg+TNl0CjxS3UQJKlw=",
        "owner": "nix-community",
        "repo": "home-manager",
        "rev": "7bfff44b465909f69a442701293bc0badcf476dc",
        "type": "github"
      },
      "original": {
        "owner": "nix-community",
        "ref": "release-26.05",
        "repo": "home-manager",
        "type": "github"
      }
    },
    "nixpkgs": {
      "locked": {
        "lastModified": 1782375420,
        "narHash": "sha256-wiPYmEuHbJvleW489n6+lamL7JSJg3pcKUYwURU9CkI=",
        "owner": "nixos",
        "repo": "nixpkgs",
        "rev": "4062d36ebeae843c750011eef6b61ec9a9dbc9a9",
        "type": "github"
      },
      "original": {
        "owner": "nixos",
        "ref": "nixos-26.05",
        "repo": "nixpkgs",
        "type": "github"
      }
    },
    "nixpkgs-unstable": {
      "locked": {
        "lastModified": 1782175435,
        "narHash": "sha256-EMzXKmnOtBQ2MnvpiNOm7E+kOMvdPrIKaeg52Tip2Uk=",
        "owner": "nixos",
        "repo": "nixpkgs",
        "rev": "89570f24e97e614aa34aa9ab1c927b6578a43775",
        "type": "github"
      },
      "original": {
        "owner": "nixos",
        "ref": "nixpkgs-unstable",
        "repo": "nixpkgs",
        "type": "github"
      }
    },
    "nvimconf": {
      "inputs": {
        "autoconf-nvim": "autoconf-nvim",
        "nixpkgs": [
          "nixpkgs"
        ],
        "themekit-nvim": "themekit-nvim"
      },
      "locked": {
        "lastModified": 1782289317,
        "narHash": "sha256-u1DWce9yodICMGiy8FJyOXXu10dQuH+BjYWFJ7XrZQI=",
        "owner": "OlegHQ",
        "repo": "nvim-config",
        "rev": "cc96cde56ade0a8288527bb400b273c6ad099d74",
        "type": "github"
      },
      "original": {
        "owner": "OlegHQ",
        "ref": "dev",
        "repo": "nvim-config",
        "type": "github"
      }
    },
    "root": {
      "inputs": {
        "darwin": "darwin",
        "fish-async-prompt": "fish-async-prompt",
        "fish-foreign-env": "fish-foreign-env",
        "fish-fzf": "fish-fzf",
        "home-manager": "home-manager",
        "nixpkgs": "nixpkgs",
        "nixpkgs-unstable": "nixpkgs-unstable",
        "nvimconf": "nvimconf",
        "tmux-catppuccin": "tmux-catppuccin",
        "tmux-pain-control": "tmux-pain-control"
      }
    },
    "themekit-nvim": {
      "flake": false,
      "locked": {
        "lastModified": 1777464016,
        "narHash": "sha256-zLI296bXeLI+J6j1mz6uDRFBs97sMwhzQf2280LbIXE=",
        "owner": "OlegHQ",
        "repo": "themekit.nvim",
        "rev": "d023de449b4d906154975b3d180cfff70f75ba3c",
        "type": "github"
      },
      "original": {
        "owner": "OlegHQ",
        "repo": "themekit.nvim",
        "type": "github"
      }
    },
    "tmux-catppuccin": {
      "flake": false,
      "locked": {
        "lastModified": 1733626723,
        "narHash": "sha256-vBYBvZrMGLpMU059a+Z4SEekWdQD0GrDqBQyqfkEHPg=",
        "owner": "catppuccin",
        "repo": "tmux",
        "rev": "2c4cb5a07a3e133ce6d5382db1ab541a0216ddc7",
        "type": "github"
      },
      "original": {
        "owner": "catppuccin",
        "repo": "tmux",
        "rev": "2c4cb5a07a3e133ce6d5382db1ab541a0216ddc7",
        "type": "github"
      }
    },
    "tmux-pain-control": {
      "flake": false,
      "locked": {
        "lastModified": 1582019346,
        "narHash": "sha256-84NJtxoz4KTVv+i3cde235WcHhRSBIkZjtobZIk16nA=",
        "owner": "tmux-plugins",
        "repo": "tmux-pain-control",
        "rev": "2db63de3b08fc64831d833240749133cecb67d92",
        "type": "github"
      },
      "original": {
        "owner": "tmux-plugins",
        "repo": "tmux-pain-control",
        "rev": "2db63de3b08fc64831d833240749133cecb67d92",
        "type": "github"
      }
    }
  },
  "root": "root",
  "version": 7
}
